
Microsoft Visual Studio Solution File, Format Version 12.00
# Visual Studio Version 17
VisualStudioVersion = 17.8.34511.84
MinimumVisualStudioVersion = 10.0.40219.1
Project("{FAE04EC0-301F-11D3-BF4B-00C04F79EFBC}") = "Olio", "Olio.csproj", "{532210BB-A9CE-4BD4-9BBB-E38F8458EB52}"
EndProject
Global
	GlobalSection(SolutionConfigurationPlatforms) = preSolution
		Debug|Any CPU = Debug|Any CPU
		Release|Any CPU = Release|Any CPU
	EndGlobalSection
	GlobalSection(ProjectConfigurationPlatforms) = postSolution
		{532210BB-A9CE-4BD4-9BBB-E38F8458EB52}.Debug|Any CPU.ActiveCfg = Debug|Any CPU
		{532210BB-A9CE-4BD4-9BBB-E38F8458EB52}.Debug|Any CPU.Build.0 = Debug|Any CPU
		{532210BB-A9CE-4BD4-9BBB-E38F8458EB52}.Release|Any CPU.ActiveCfg = Release|Any CPU
		{532210BB-A9CE-4BD4-9BBB-E38F8458EB52}.Release|Any CPU.Build.0 = Release|Any CPU
	EndGlobalSection
	GlobalSection(SolutionProperties) = preSolution
		HideSolutionNode = FALSE
	EndGlobalSection
	GlobalSection(ExtensibilityGlobals) = postSolution
		SolutionGuid = {54A41F55-719B-4F09-AD67-63ECAB056D58}
	EndGlobalSection
EndGlobal
